
Microsoft Visual Studio Solution File, Format Version 12.00
# Visual Studio Version 17
VisualStudioVersion = 17.12.35514.174
MinimumVisualStudioVersion = 10.0.40219.1
Project("{2150E333-8FDC-42A3-9474-1A3956D46DE8}") = "Services", "Services", "{885919D8-19B0-4518-A254-801594CB5017}"
	ProjectSection(SolutionItems) = preProject
		Baze i Redis.txt = Baze i Redis.txt
	EndProjectSection
EndProject
Project("{2150E333-8FDC-42A3-9474-1A3956D46DE8}") = "Catalog", "Catalog", "{2048F6C2-B5D9-418C-BED9-59CFC0C27F4D}"
EndProject
Project("{FAE04EC0-301F-11D3-BF4B-00C04F79EFBC}") = "Catalog.API", "src\Services\Catalog\Catalog.API\Catalog.API.csproj", "{61C25A59-1BA5-4C31-AE2E-2B098A928FD3}"
EndProject
Project("{2150E333-8FDC-42A3-9474-1A3956D46DE8}") = "BuildingBlocks", "BuildingBlocks", "{930657D8-CB1A-46B4-A96A-1CE8F45BE4CD}"
EndProject
Project("{FAE04EC0-301F-11D3-BF4B-00C04F79EFBC}") = "BuildingBlocks", "src\BuildingBlocks\BuildingBlocks\BuildingBlocks.csproj", "{D448A2F5-23FD-44D4-9A63-449262EE34CC}"
EndProject
Project("{E53339B2-1760-4266-BCC7-CA923CBCF16C}") = "docker-compose", "docker-compose.dcproj", "{1A8AC0B6-28AA-46DA-A689-2F4117600EF5}"
EndProject
Project("{2150E333-8FDC-42A3-9474-1A3956D46DE8}") = "Basket", "Basket", "{3F75D254-D3FD-4461-9318-A7990E86D9F2}"
EndProject
Project("{FAE04EC0-301F-11D3-BF4B-00C04F79EFBC}") = "Basket.API", "src\Services\Basket\Basket.API\Basket.API.csproj", "{691E4179-5D6B-400A-A8F7-84F481ED9331}"
EndProject
Project("{2150E333-8FDC-42A3-9474-1A3956D46DE8}") = "Discount", "Discount", "{10DC9359-DDB5-44C7-8246-372FF80D126F}"
EndProject
Project("{FAE04EC0-301F-11D3-BF4B-00C04F79EFBC}") = "Discount.gRPC", "src\Services\Discount\Discount.gRPC\Discount.gRPC.csproj", "{A30045DD-4A99-4685-ADC8-AB8655DF3870}"
EndProject
Project("{2150E333-8FDC-42A3-9474-1A3956D46DE8}") = "Ordering", "Ordering", "{AD5CA6EE-2776-4183-B17C-1AC8EF726BA0}"
	ProjectSection(SolutionItems) = preProject
		Clean architecture.txt = Clean architecture.txt
	EndProjectSection
EndProject
Project("{FAE04EC0-301F-11D3-BF4B-00C04F79EFBC}") = "Ordering.API", "src\Services\Ordering\Ordering.API\Ordering.API.csproj", "{E4013D37-6A2A-477C-892B-B8A103C875E4}"
EndProject
Project("{FAE04EC0-301F-11D3-BF4B-00C04F79EFBC}") = "Ordering.Domain", "src\Services\Ordering\Ordering.Domain\Ordering.Domain.csproj", "{95A75283-FB21-45CE-A717-E67771C2AFD7}"
EndProject
Project("{FAE04EC0-301F-11D3-BF4B-00C04F79EFBC}") = "Ordering.Application", "src\Services\Ordering\Ordering.Application\Ordering.Application.csproj", "{95489D4E-6E41-4490-BE81-50A70BF8B029}"
EndProject
Project("{FAE04EC0-301F-11D3-BF4B-00C04F79EFBC}") = "Ordering.Infrastructure", "src\Services\Ordering\Ordering.Infrastructure\Ordering.Infrastructure.csproj", "{4EB4185C-F6CC-4AD6-972F-29C35815891B}"
EndProject
Project("{FAE04EC0-301F-11D3-BF4B-00C04F79EFBC}") = "BuildingBlocks.Messaging", "src\BuildingBlocks\BuildingBlocks.Messaging\BuildingBlocks.Messaging.csproj", "{6A444C3F-9FDF-4405-8E6E-DAC55095E668}"
EndProject
Project("{2150E333-8FDC-42A3-9474-1A3956D46DE8}") = "ApiGateways", "ApiGateways", "{10483AC1-983E-45D0-B910-FC29E6E0AFC3}"
EndProject
Project("{FAE04EC0-301F-11D3-BF4B-00C04F79EFBC}") = "YarpApiGateway", "src\ApiGateways\YarpApiGateway\YarpApiGateway.csproj", "{233E876C-921E-42E3-839E-F56CA27F6C03}"
EndProject
Global
	GlobalSection(SolutionConfigurationPlatforms) = preSolution
		Debug|Any CPU = Debug|Any CPU
		Release|Any CPU = Release|Any CPU
	EndGlobalSection
	GlobalSection(ProjectConfigurationPlatforms) = postSolution
		{61C25A59-1BA5-4C31-AE2E-2B098A928FD3}.Debug|Any CPU.ActiveCfg = Debug|Any CPU
		{61C25A59-1BA5-4C31-AE2E-2B098A928FD3}.Debug|Any CPU.Build.0 = Debug|Any CPU
		{61C25A59-1BA5-4C31-AE2E-2B098A928FD3}.Release|Any CPU.ActiveCfg = Release|Any CPU
		{61C25A59-1BA5-4C31-AE2E-2B098A928FD3}.Release|Any CPU.Build.0 = Release|Any CPU
		{D448A2F5-23FD-44D4-9A63-449262EE34CC}.Debug|Any CPU.ActiveCfg = Debug|Any CPU
		{D448A2F5-23FD-44D4-9A63-449262EE34CC}.Debug|Any CPU.Build.0 = Debug|Any CPU
		{D448A2F5-23FD-44D4-9A63-449262EE34CC}.Release|Any CPU.ActiveCfg = Release|Any CPU
		{D448A2F5-23FD-44D4-9A63-449262EE34CC}.Release|Any CPU.Build.0 = Release|Any CPU
		{1A8AC0B6-28AA-46DA-A689-2F4117600EF5}.Debug|Any CPU.ActiveCfg = Debug|Any CPU
		{1A8AC0B6-28AA-46DA-A689-2F4117600EF5}.Debug|Any CPU.Build.0 = Debug|Any CPU
		{1A8AC0B6-28AA-46DA-A689-2F4117600EF5}.Release|Any CPU.ActiveCfg = Release|Any CPU
		{1A8AC0B6-28AA-46DA-A689-2F4117600EF5}.Release|Any CPU.Build.0 = Release|Any CPU
		{691E4179-5D6B-400A-A8F7-84F481ED9331}.Debug|Any CPU.ActiveCfg = Debug|Any CPU
		{691E4179-5D6B-400A-A8F7-84F481ED9331}.Debug|Any CPU.Build.0 = Debug|Any CPU
		{691E4179-5D6B-400A-A8F7-84F481ED9331}.Release|Any CPU.ActiveCfg = Release|Any CPU
		{691E4179-5D6B-400A-A8F7-84F481ED9331}.Release|Any CPU.Build.0 = Release|Any CPU
		{A30045DD-4A99-4685-ADC8-AB8655DF3870}.Debug|Any CPU.ActiveCfg = Debug|Any CPU
		{A30045DD-4A99-4685-ADC8-AB8655DF3870}.Debug|Any CPU.Build.0 = Debug|Any CPU
		{A30045DD-4A99-4685-ADC8-AB8655DF3870}.Release|Any CPU.ActiveCfg = Release|Any CPU
		{A30045DD-4A99-4685-ADC8-AB8655DF3870}.Release|Any CPU.Build.0 = Release|Any CPU
		{E4013D37-6A2A-477C-892B-B8A103C875E4}.Debug|Any CPU.ActiveCfg = Debug|Any CPU
		{E4013D37-6A2A-477C-892B-B8A103C875E4}.Debug|Any CPU.Build.0 = Debug|Any CPU
		{E4013D37-6A2A-477C-892B-B8A103C875E4}.Release|Any CPU.ActiveCfg = Release|Any CPU
		{E4013D37-6A2A-477C-892B-B8A103C875E4}.Release|Any CPU.Build.0 = Release|Any CPU
		{95A75283-FB21-45CE-A717-E67771C2AFD7}.Debug|Any CPU.ActiveCfg = Debug|Any CPU
		{95A75283-FB21-45CE-A717-E67771C2AFD7}.Debug|Any CPU.Build.0 = Debug|Any CPU
		{95A75283-FB21-45CE-A717-E67771C2AFD7}.Release|Any CPU.ActiveCfg = Release|Any CPU
		{95A75283-FB21-45CE-A717-E67771C2AFD7}.Release|Any CPU.Build.0 = Release|Any CPU
		{95489D4E-6E41-4490-BE81-50A70BF8B029}.Debug|Any CPU.ActiveCfg = Debug|Any CPU
		{95489D4E-6E41-4490-BE81-50A70BF8B029}.Debug|Any CPU.Build.0 = Debug|Any CPU
		{95489D4E-6E41-4490-BE81-50A70BF8B029}.Release|Any CPU.ActiveCfg = Release|Any CPU
		{95489D4E-6E41-4490-BE81-50A70BF8B029}.Release|Any CPU.Build.0 = Release|Any CPU
		{4EB4185C-F6CC-4AD6-972F-29C35815891B}.Debug|Any CPU.ActiveCfg = Debug|Any CPU
		{4EB4185C-F6CC-4AD6-972F-29C35815891B}.Debug|Any CPU.Build.0 = Debug|Any CPU
		{4EB4185C-F6CC-4AD6-972F-29C35815891B}.Release|Any CPU.ActiveCfg = Release|Any CPU
		{4EB4185C-F6CC-4AD6-972F-29C35815891B}.Release|Any CPU.Build.0 = Release|Any CPU
		{6A444C3F-9FDF-4405-8E6E-DAC55095E668}.Debug|Any CPU.ActiveCfg = Debug|Any CPU
		{6A444C3F-9FDF-4405-8E6E-DAC55095E668}.Debug|Any CPU.Build.0 = Debug|Any CPU
		{6A444C3F-9FDF-4405-8E6E-DAC55095E668}.Release|Any CPU.ActiveCfg = Release|Any CPU
		{6A444C3F-9FDF-4405-8E6E-DAC55095E668}.Release|Any CPU.Build.0 = Release|Any CPU
		{233E876C-921E-42E3-839E-F56CA27F6C03}.Debug|Any CPU.ActiveCfg = Debug|Any CPU
		{233E876C-921E-42E3-839E-F56CA27F6C03}.Debug|Any CPU.Build.0 = Debug|Any CPU
		{233E876C-921E-42E3-839E-F56CA27F6C03}.Release|Any CPU.ActiveCfg = Release|Any CPU
		{233E876C-921E-42E3-839E-F56CA27F6C03}.Release|Any CPU.Build.0 = Release|Any CPU
	EndGlobalSection
	GlobalSection(SolutionProperties) = preSolution
		HideSolutionNode = FALSE
	EndGlobalSection
	GlobalSection(NestedProjects) = preSolution
		{2048F6C2-B5D9-418C-BED9-59CFC0C27F4D} = {885919D8-19B0-4518-A254-801594CB5017}
		{61C25A59-1BA5-4C31-AE2E-2B098A928FD3} = {2048F6C2-B5D9-418C-BED9-59CFC0C27F4D}
		{D448A2F5-23FD-44D4-9A63-449262EE34CC} = {930657D8-CB1A-46B4-A96A-1CE8F45BE4CD}
		{3F75D254-D3FD-4461-9318-A7990E86D9F2} = {885919D8-19B0-4518-A254-801594CB5017}
		{691E4179-5D6B-400A-A8F7-84F481ED9331} = {3F75D254-D3FD-4461-9318-A7990E86D9F2}
		{10DC9359-DDB5-44C7-8246-372FF80D126F} = {885919D8-19B0-4518-A254-801594CB5017}
		{A30045DD-4A99-4685-ADC8-AB8655DF3870} = {10DC9359-DDB5-44C7-8246-372FF80D126F}
		{AD5CA6EE-2776-4183-B17C-1AC8EF726BA0} = {885919D8-19B0-4518-A254-801594CB5017}
		{E4013D37-6A2A-477C-892B-B8A103C875E4} = {AD5CA6EE-2776-4183-B17C-1AC8EF726BA0}
		{95A75283-FB21-45CE-A717-E67771C2AFD7} = {AD5CA6EE-2776-4183-B17C-1AC8EF726BA0}
		{95489D4E-6E41-4490-BE81-50A70BF8B029} = {AD5CA6EE-2776-4183-B17C-1AC8EF726BA0}
		{4EB4185C-F6CC-4AD6-972F-29C35815891B} = {AD5CA6EE-2776-4183-B17C-1AC8EF726BA0}
		{6A444C3F-9FDF-4405-8E6E-DAC55095E668} = {930657D8-CB1A-46B4-A96A-1CE8F45BE4CD}
		{233E876C-921E-42E3-839E-F56CA27F6C03} = {10483AC1-983E-45D0-B910-FC29E6E0AFC3}
	EndGlobalSection
EndGlobal
